
Microsoft Visual Studio Solution File, Format Version 12.00
# Visual Studio Version 17
VisualStudioVersion = 17.3.32901.215
MinimumVisualStudioVersion = 10.0.40219.1
Project("{FAE04EC0-301F-11D3-BF4B-00C04F79EFBC}") = "лр6", "лр6\лр6.csproj", "{635834E0-7AC2-4C72-A8E5-5B7FA69255C1}"
EndProject
Global
	GlobalSection(SolutionConfigurationPlatforms) = preSolution
		Debug|Any CPU = Debug|Any CPU
		Release|Any CPU = Release|Any CPU
	EndGlobalSection
	GlobalSection(ProjectConfigurationPlatforms) = postSolution
		{635834E0-7AC2-4C72-A8E5-5B7FA69255C1}.Debug|Any CPU.ActiveCfg = Debug|Any CPU
		{635834E0-7AC2-4C72-A8E5-5B7FA69255C1}.Debug|Any CPU.Build.0 = Debug|Any CPU
		{635834E0-7AC2-4C72-A8E5-5B7FA69255C1}.Release|Any CPU.ActiveCfg = Release|Any CPU
		{635834E0-7AC2-4C72-A8E5-5B7FA69255C1}.Release|Any CPU.Build.0 = Release|Any CPU
	EndGlobalSection
	GlobalSection(SolutionProperties) = preSolution
		HideSolutionNode = FALSE
	EndGlobalSection
	GlobalSection(ExtensibilityGlobals) = postSolution
		SolutionGuid = {F27627BC-85B1-4D60-8A29-0C25DE15FD6B}
	EndGlobalSection
EndGlobal
